github.com/pvnpurohit/dog v0.0.0-20241113120205-3cd02c404b33 h1:Mpzm+HHKPQtT6lbIy8IEy6sUbEvWjmiZwx/SlhwvGfE=
github.com/pvnpurohit/dog v0.0.0-20241113120205-3cd02c404b33/go.mod h1:wr/GIjqaZC4yfemUnr48Bekuag6vePN2lxcKzjhrWQg=
github.com/pvnpurohit/puppy v1.0.1 h1:NIb+R8MlsPIUhF393CMLA5IvBJejJFRSvSAw9IESOVE=
github.com/pvnpurohit/puppy v1.0.1/go.mod h1:F/6y8T3U+/X7wK4MvLYc+vIrChRhHkJaiHrW8dx/RxM=
